
Microsoft Visual Studio Solution File, Format Version 12.00
# Visual Studio Version 16
VisualStudioVersion = 16.0.30114.105
MinimumVisualStudioVersion = 10.0.40219.1
Project("{FAE04EC0-301F-11D3-BF4B-00C04F79EFBC}") = "UnitTestProject1", "UnitTestProject1\UnitTestProject1.csproj", "{76A37DC6-1613-4EAA-8C4B-C5BE3CF01684}"
EndProject
Project("{FAE04EC0-301F-11D3-BF4B-00C04F79EFBC}") = "ConsoleAppiumApp", "..\ConsoleAppiumApp\ConsoleAppiumApp\ConsoleAppiumApp.csproj", "{241DB4D0-FAF5-4D81-A2BC-3F1F349B1AC4}"
EndProject
Global
	GlobalSection(SolutionConfigurationPlatforms) = preSolution
		Debug|Any CPU = Debug|Any CPU
		Release|Any CPU = Release|Any CPU
	EndGlobalSection
	GlobalSection(ProjectConfigurationPlatforms) = postSolution
		{76A37DC6-1613-4EAA-8C4B-C5BE3CF01684}.Debug|Any CPU.ActiveCfg = Debug|Any CPU
		{76A37DC6-1613-4EAA-8C4B-C5BE3CF01684}.Debug|Any CPU.Build.0 = Debug|Any CPU
		{76A37DC6-1613-4EAA-8C4B-C5BE3CF01684}.Release|Any CPU.ActiveCfg = Release|Any CPU
		{76A37DC6-1613-4EAA-8C4B-C5BE3CF01684}.Release|Any CPU.Build.0 = Release|Any CPU
		{241DB4D0-FAF5-4D81-A2BC-3F1F349B1AC4}.Debug|Any CPU.ActiveCfg = Debug|Any CPU
		{241DB4D0-FAF5-4D81-A2BC-3F1F349B1AC4}.Debug|Any CPU.Build.0 = Debug|Any CPU
		{241DB4D0-FAF5-4D81-A2BC-3F1F349B1AC4}.Release|Any CPU.ActiveCfg = Release|Any CPU
		{241DB4D0-FAF5-4D81-A2BC-3F1F349B1AC4}.Release|Any CPU.Build.0 = Release|Any CPU
	EndGlobalSection
	GlobalSection(SolutionProperties) = preSolution
		HideSolutionNode = FALSE
	EndGlobalSection
	GlobalSection(ExtensibilityGlobals) = postSolution
		SolutionGuid = {AE996F7B-9C38-456E-B5DD-716FB662E55C}
	EndGlobalSection
EndGlobal
